// !$*UTF8*$!
{
	archiveVersion = 1;
	classes = {
	};
	objectVersion = 46;
	objects = {

/* Begin PBXBuildFile section */
		4686E45D1CA927D90040CE03 /* AppDelegate.swift in Sources */ = {isa = PBXBuildFile; fileRef = 4686E45C1CA927D90040CE03 /* AppDelegate.swift */; };
		4686E45F1CA927D90040CE03 /* ViewController.swift in Sources */ = {isa = PBXBuildFile; fileRef = 4686E45E1CA927D90040CE03 /* ViewController.swift */; };
		4686E4641CA927D90040CE03 /* Assets.xcassets in Resources */ = {isa = PBXBuildFile; fileRef = 4686E4631CA927D90040CE03 /* Assets.xcassets */; };
		4686E4671CA927D90040CE03 /* LaunchScreen.storyboard in Resources */ = {isa = PBXBuildFile; fileRef = 4686E4651CA927D90040CE03 /* LaunchScreen.storyboard */; };
		4686E4721CA927D90040CE03 /* ClientTests.swift in Sources */ = {isa = PBXBuildFile; fileRef = 4686E4711CA927D90040CE03 /* ClientTests.swift */; };
		4686E4801CA92C260040CE03 /* APIClient.swift in Sources */ = {isa = PBXBuildFile; fileRef = 4686E47F1CA92C260040CE03 /* APIClient.swift */; };
		4686E4821CA9752C0040CE03 /* ApplicationController.swift in Sources */ = {isa = PBXBuildFile; fileRef = 4686E4811CA9752C0040CE03 /* ApplicationController.swift */; };
		46EB6A971CA97B3200EB5D53 /* APIConfiguration.swift in Sources */ = {isa = PBXBuildFile; fileRef = 46EB6A961CA97B3200EB5D53 /* APIConfiguration.swift */; };
/* End PBXBuildFile section */

/* Begin PBXContainerItemProxy section */
		4686E46E1CA927D90040CE03 /* PBXContainerItemProxy */ = {
			isa = PBXContainerItemProxy;
			containerPortal = 4686E4511CA927D90040CE03 /* Project object */;
			proxyType = 1;
			remoteGlobalIDString = 4686E4581CA927D90040CE03;
			remoteInfo = Client;
		};
/* End PBXContainerItemProxy section */

/* Begin PBXFileReference section */
		4686E4591CA927D90040CE03 /* Client.app */ = {isa = PBXFileReference; explicitFileType = wrapper.application; includeInIndex = 0; path = Client.app; sourceTree = BUILT_PRODUCTS_DIR; };
		4686E45C1CA927D90040CE03 /* AppDelegate.swift */ = {isa = PBXFileReference; lastKnownFileType = sourcecode.swift; path = AppDelegate.swift; sourceTree = "<group>"; };
		4686E45E1CA927D90040CE03 /* ViewController.swift */ = {isa = PBXFileReference; lastKnownFileType = sourcecode.swift; path = ViewController.swift; sourceTree = "<group>"; };
		4686E4631CA927D90040CE03 /* Assets.xcassets */ = {isa = PBXFileReference; lastKnownFileType = folder.assetcatalog; path = Assets.xcassets; sourceTree = "<group>"; };
		4686E4661CA927D90040CE03 /* Base */ = {isa = PBXFileReference; lastKnownFileType = file.storyboard; name = Base; path = Base.lproj/LaunchScreen.storyboard; sourceTree = "<group>"; };
		4686E4681CA927D90040CE03 /* Info.plist */ = {isa = PBXFileReference; lastKnownFileType = text.plist.xml; path = Info.plist; sourceTree = "<group>"; };
		4686E46D1CA927D90040CE03 /* ClientTests.xctest */ = {isa = PBXFileReference; explicitFileType = wrapper.cfbundle; includeInIndex = 0; path = ClientTests.xctest; sourceTree = BUILT_PRODUCTS_DIR; };
		4686E4711CA927D90040CE03 /* ClientTests.swift */ = {isa = PBXFileReference; lastKnownFileType = sourcecode.swift; path = ClientTests.swift; sourceTree = "<group>"; };
		4686E4731CA927D90040CE03 /* Info.plist */ = {isa = PBXFileReference; lastKnownFileType = text.plist.xml; path = Info.plist; sourceTree = "<group>"; };
		4686E47F1CA92C260040CE03 /* APIClient.swift */ = {isa = PBXFileReference; fileEncoding = 4; lastKnownFileType = sourcecode.swift; path = APIClient.swift; sourceTree = "<group>"; };
		4686E4811CA9752C0040CE03 /* ApplicationController.swift */ = {isa = PBXFileReference; fileEncoding = 4; lastKnownFileType = sourcecode.swift; path = ApplicationController.swift; sourceTree = "<group>"; };
		46EB6A961CA97B3200EB5D53 /* APIConfiguration.swift */ = {isa = PBXFileReference; fileEncoding = 4; lastKnownFileType = sourcecode.swift; path = APIConfiguration.swift; sourceTree = "<group>"; };
/* End PBXFileReference section */

/* Begin PBXFrameworksBuildPhase section */
		4686E4561CA927D90040CE03 /* Frameworks */ = {
			isa = PBXFrameworksBuildPhase;
			buildActionMask = 2147483647;
			files = (
			);
			runOnlyForDeploymentPostprocessing = 0;
		};
		4686E46A1CA927D90040CE03 /* Frameworks */ = {
			isa = PBXFrameworksBuildPhase;
			buildActionMask = 2147483647;
			files = (
			);
			runOnlyForDeploymentPostprocessing = 0;
		};
/* End PBXFrameworksBuildPhase section */

/* Begin PBXGroup section */
		4686E4501CA927D90040CE03 = {
			isa = PBXGroup;
			children = (
				4686E45B1CA927D90040CE03 /* Client */,
				4686E4701CA927D90040CE03 /* ClientTests */,
				4686E45A1CA927D90040CE03 /* Products */,
			);
			sourceTree = "<group>";
		};
		4686E45A1CA927D90040CE03 /* Products */ = {
			isa = PBXGroup;
			children = (
				4686E4591CA927D90040CE03 /* Client.app */,
				4686E46D1CA927D90040CE03 /* ClientTests.xctest */,
			);
			name = Products;
			sourceTree = "<group>";
		};
		4686E45B1CA927D90040CE03 /* Client */ = {
			isa = PBXGroup;
			children = (
				4686E45C1CA927D90040CE03 /* AppDelegate.swift */,
				4686E45E1CA927D90040CE03 /* ViewController.swift */,
				4686E4631CA927D90040CE03 /* Assets.xcassets */,
				4686E4651CA927D90040CE03 /* LaunchScreen.storyboard */,
				4686E4681CA927D90040CE03 /* Info.plist */,
				4686E47F1CA92C260040CE03 /* APIClient.swift */,
				4686E4811CA9752C0040CE03 /* ApplicationController.swift */,
				46EB6A961CA97B3200EB5D53 /* APIConfiguration.swift */,
			);
			path = Client;
			sourceTree = "<group>";
		};
		4686E4701CA927D90040CE03 /* ClientTests */ = {
			isa = PBXGroup;
			children = (
				4686E4711CA927D90040CE03 /* ClientTests.swift */,
				4686E4731CA927D90040CE03 /* Info.plist */,
			);
			path = ClientTests;
			sourceTree = "<group>";
		};
/* End PBXGroup section */

/* Begin PBXNativeTarget section */
		4686E4581CA927D90040CE03 /* Client */ = {
			isa = PBXNativeTarget;
			buildConfigurationList = 4686E4761CA927D90040CE03 /* Build configuration list for PBXNativeTarget "Client" */;
			buildPhases = (
				4686E4551CA927D90040CE03 /* Sources */,
				4686E4561CA927D90040CE03 /* Frameworks */,
				4686E4571CA927D90040CE03 /* Resources */,
			);
			buildRules = (
			);
			dependencies = (
			);
			name = Client;
			productName = Client;
			productReference = 4686E4591CA927D90040CE03 /* Client.app */;
			productType = "com.apple.product-type.application";
		};
		4686E46C1CA927D90040CE03 /* ClientTests */ = {
			isa = PBXNativeTarget;
			buildConfigurationList = 4686E4791CA927D90040CE03 /* Build configuration list for PBXNativeTarget "ClientTests" */;
			buildPhases = (
				4686E4691CA927D90040CE03 /* Sources */,
				4686E46A1CA927D90040CE03 /* Frameworks */,
				4686E46B1CA927D90040CE03 /* Resources */,
			);
			buildRules = (
			);
			dependencies = (
				4686E46F1CA927D90040CE03 /* PBXTargetDependency */,
			);
			name = ClientTests;
			productName = ClientTests;
			productReference = 4686E46D1CA927D90040CE03 /* ClientTests.xctest */;
			productType = "com.apple.product-type.bundle.unit-test";
		};
/* End PBXNativeTarget section */

/* Begin PBXProject section */
		4686E4511CA927D90040CE03 /* Project object */ = {
			isa = PBXProject;
			attributes = {
				LastSwiftUpdateCheck = 0730;
				LastUpgradeCheck = 0730;
				ORGANIZATIONNAME = "Krzysztof Siejkowski";
				TargetAttributes = {
					4686E4581CA927D90040CE03 = {
						CreatedOnToolsVersion = 7.3;
					};
					4686E46C1CA927D90040CE03 = {
						CreatedOnToolsVersion = 7.3;
						TestTargetID = 4686E4581CA927D90040CE03;
					};
				};
			};
			buildConfigurationList = 4686E4541CA927D90040CE03 /* Build configuration list for PBXProject "Client" */;
			compatibilityVersion = "Xcode 3.2";
			developmentRegion = English;
			hasScannedForEncodings = 0;
			knownRegions = (
				en,
				Base,
			);
			mainGroup = 4686E4501CA927D90040CE03;
			productRefGroup = 4686E45A1CA927D90040CE03 /* Products */;
			projectDirPath = "";
			projectRoot = "";
			targets = (
				4686E4581CA927D90040CE03 /* Client */,
				4686E46C1CA927D90040CE03 /* ClientTests */,
			);
		};
/* End PBXProject section */

/* Begin PBXResourcesBuildPhase section */
		4686E4571CA927D90040CE03 /* Resources */ = {
			isa = PBXResourcesBuildPhase;
			buildActionMask = 2147483647;
			files = (
				4686E4671CA927D90040CE03 /* LaunchScreen.storyboard in Resources */,
				4686E4641CA927D90040CE03 /* Assets.xcassets in Resources */,
			);
			runOnlyForDeploymentPostprocessing = 0;
		};
		4686E46B1CA927D90040CE03 /* Resources */ = {
			isa = PBXResourcesBuildPhase;
			buildActionMask = 2147483647;
			files = (
			);
			runOnlyForDeploymentPostprocessing = 0;
		};
/* End PBXResourcesBuildPhase section */

/* Begin PBXSourcesBuildPhase section */
		4686E4551CA927D90040CE03 /* Sources */ = {
			isa = PBXSourcesBuildPhase;
			buildActionMask = 2147483647;
			files = (
				4686E45F1CA927D90040CE03 /* ViewController.swift in Sources */,
				4686E45D1CA927D90040CE03 /* AppDelegate.swift in Sources */,
				46EB6A971CA97B3200EB5D53 /* APIConfiguration.swift in Sources */,
				4686E4821CA9752C0040CE03 /* ApplicationController.swift in Sources */,
				4686E4801CA92C260040CE03 /* APIClient.swift in Sources */,
			);
			runOnlyForDeploymentPostprocessing = 0;
		};
		4686E4691CA927D90040CE03 /* Sources */ = {
			isa = PBXSourcesBuildPhase;
			buildActionMask = 2147483647;
			files = (
				4686E4721CA927D90040CE03 /* ClientTests.swift in Sources */,
			);
			runOnlyForDeploymentPostprocessing = 0;
		};
/* End PBXSourcesBuildPhase section */

/* Begin PBXTargetDependency section */
		4686E46F1CA927D90040CE03 /* PBXTargetDependency */ = {
			isa = PBXTargetDependency;
			target = 4686E4581CA927D90040CE03 /* Client */;
			targetProxy = 4686E46E1CA927D90040CE03 /* PBXContainerItemProxy */;
		};
/* End PBXTargetDependency section */

/* Begin PBXVariantGroup section */
		4686E4651CA927D90040CE03 /* LaunchScreen.storyboard */ = {
			isa = PBXVariantGroup;
			children = (
				4686E4661CA927D90040CE03 /* Base */,
			);
			name = LaunchScreen.storyboard;
			sourceTree = "<group>";
		};
/* End PBXVariantGroup section */

/* Begin XCBuildConfiguration section */
		4686E4741CA927D90040CE03 /* Debug */ = {
			isa = XCBuildConfiguration;
			buildSettings = {
				ALWAYS_SEARCH_USER_PATHS = NO;
				CLANG_ANALYZER_NONNULL = YES;
				CLANG_CXX_LANGUAGE_STANDARD = "gnu++0x";
				CLANG_CXX_LIBRARY = "libc++";
				CLANG_ENABLE_MODULES = YES;
				CLANG_ENABLE_OBJC_ARC = YES;
				CLANG_WARN_BOOL_CONVERSION = YES;
				CLANG_WARN_CONSTANT_CONVERSION = YES;
				CLANG_WARN_DIRECT_OBJC_ISA_USAGE = YES_ERROR;
				CLANG_WARN_EMPTY_BODY = YES;
				CLANG_WARN_ENUM_CONVERSION = YES;
				CLANG_WARN_INT_CONVERSION = YES;
				CLANG_WARN_OBJC_ROOT_CLASS = YES_ERROR;
				CLANG_WARN_UNREACHABLE_CODE = YES;
				CLANG_WARN__DUPLICATE_METHOD_MATCH = YES;
				"CODE_SIGN_IDENTITY[sdk=iphoneos*]" = "iPhone Developer";
				COPY_PHASE_STRIP = NO;
				DEBUG_INFORMATION_FORMAT = dwarf;
				ENABLE_STRICT_OBJC_MSGSEND = YES;
				ENABLE_TESTABILITY = YES;
				GCC_C_LANGUAGE_STANDARD = gnu99;
				GCC_DYNAMIC_NO_PIC = NO;
				GCC_NO_COMMON_BLOCKS = YES;
				GCC_OPTIMIZATION_LEVEL = 0;
				GCC_PREPROCESSOR_DEFINITIONS = (
					"DEBUG=1",
					"$(inherited)",
				);
				GCC_WARN_64_TO_32_BIT_CONVERSION = YES;
				GCC_WARN_ABOUT_RETURN_TYPE = YES_ERROR;
				GCC_WARN_UNDECLARED_SELECTOR = YES;
				GCC_WARN_UNINITIALIZED_AUTOS = YES_AGGRESSIVE;
				GCC_WARN_UNUSED_FUNCTION = YES;
				GCC_WARN_UNUSED_VARIABLE = YES;
				IPHONEOS_DEPLOYMENT_TARGET = 9.3;
				MTL_ENABLE_DEBUG_INFO = YES;
				ONLY_ACTIVE_ARCH = YES;
				SDKROOT = iphoneos;
				SWIFT_OPTIMIZATION_LEVEL = "-Onone";
				TARGETED_DEVICE_FAMILY = "1,2";
			};
			name = Debug;
		};
		4686E4751CA927D90040CE03 /* Release */ = {
			isa = XCBuildConfiguration;
			buildSettings = {
				ALWAYS_SEARCH_USER_PATHS = NO;
				CLANG_ANALYZER_NONNULL = YES;
				CLANG_CXX_LANGUAGE_STANDARD = "gnu++0x";
				CLANG_CXX_LIBRARY = "libc++";
				CLANG_ENABLE_MODULES = YES;
				CLANG_ENABLE_OBJC_ARC = YES;
				CLANG_WARN_BOOL_CONVERSION = YES;
				CLANG_WARN_CONSTANT_CONVERSION = YES;
				CLANG_WARN_DIRECT_OBJC_ISA_USAGE = YES_ERROR;
				CLANG_WARN_EMPTY_BODY = YES;
				CLANG_WARN_ENUM_CONVERSION = YES;
				CLANG_WARN_INT_CONVERSION = YES;
				CLANG_WARN_OBJC_ROOT_CLASS = YES_ERROR;
				CLANG_WARN_UNREACHABLE_CODE = YES;
				CLANG_WARN__DUPLICATE_METHOD_MATCH = YES;
				"CODE_SIGN_IDENTITY[sdk=iphoneos*]" = "iPhone Developer";
				COPY_PHASE_STRIP = NO;
				DEBUG_INFORMATION_FORMAT = "dwarf-with-dsym";
				ENABLE_NS_ASSERTIONS = NO;
				ENABLE_STRICT_OBJC_MSGSEND = YES;
				GCC_C_LANGUAGE_STANDARD = gnu99;
				GCC_NO_COMMON_BLOCKS = YES;
				GCC_WARN_64_TO_32_BIT_CONVERSION = YES;
				GCC_WARN_ABOUT_RETURN_TYPE = YES_ERROR;
				GCC_WARN_UNDECLARED_SELECTOR = YES;
				GCC_WARN_UNINITIALIZED_AUTOS = YES_AGGRESSIVE;
				GCC_WARN_UNUSED_FUNCTION = YES;
				GCC_WARN_UNUSED_VARIABLE = YES;
				IPHONEOS_DEPLOYMENT_TARGET = 9.3;
				MTL_ENABLE_DEBUG_INFO = NO;
				SDKROOT = iphoneos;
				TARGETED_DEVICE_FAMILY = "1,2";
				VALIDATE_PRODUCT = YES;
			};
			name = Release;
		};
		4686E4771CA927D90040CE03 /* Debug */ = {
			isa = XCBuildConfiguration;
			buildSettings = {
				ASSETCATALOG_COMPILER_APPICON_NAME = AppIcon;
				INFOPLIST_FILE = Client/Info.plist;
				LD_RUNPATH_SEARCH_PATHS = "$(inherited) @executable_path/Frameworks";
				PRODUCT_BUNDLE_IDENTIFIER = net.siejkowski.Client;
				PRODUCT_NAME = "$(TARGET_NAME)";
				TARGETED_DEVICE_FAMILY = "1,2";
			};
			name = Debug;
		};
		4686E4781CA927D90040CE03 /* Release */ = {
			isa = XCBuildConfiguration;
			buildSettings = {
				ASSETCATALOG_COMPILER_APPICON_NAME = AppIcon;
				INFOPLIST_FILE = Client/Info.plist;
				LD_RUNPATH_SEARCH_PATHS = "$(inherited) @executable_path/Frameworks";
				PRODUCT_BUNDLE_IDENTIFIER = net.siejkowski.Client;
				PRODUCT_NAME = "$(TARGET_NAME)";
				TARGETED_DEVICE_FAMILY = "1,2";
			};
			name = Release;
		};
		4686E47A1CA927D90040CE03 /* Debug */ = {
			isa = XCBuildConfiguration;
			buildSettings = {
				BUNDLE_LOADER = "$(TEST_HOST)";
				INFOPLIST_FILE = ClientTests/Info.plist;
				LD_RUNPATH_SEARCH_PATHS = "$(inherited) @executable_path/Frameworks @loader_path/Frameworks";
				PRODUCT_BUNDLE_IDENTIFIER = net.siejkowski.ClientTests;
				PRODUCT_NAME = "$(TARGET_NAME)";
				TEST_HOST = "$(BUILT_PRODUCTS_DIR)/Client.app/Client";
			};
			name = Debug;
		};
		4686E47B1CA927D90040CE03 /* Release */ = {
			isa = XCBuildConfiguration;
			buildSettings = {
				BUNDLE_LOADER = "$(TEST_HOST)";
				INFOPLIST_FILE = ClientTests/Info.plist;
				LD_RUNPATH_SEARCH_PATHS = "$(inherited) @executable_path/Frameworks @loader_path/Frameworks";
				PRODUCT_BUNDLE_IDENTIFIER = net.siejkowski.ClientTests;
				PRODUCT_NAME = "$(TARGET_NAME)";
				TEST_HOST = "$(BUILT_PRODUCTS_DIR)/Client.app/Client";
			};
			name = Release;
		};
/* End XCBuildConfiguration section */

/* Begin XCConfigurationList section */
		4686E4541CA927D90040CE03 /* Build configuration list for PBXProject "Client" */ = {
			isa = XCConfigurationList;
			buildConfigurations = (
				4686E4741CA927D90040CE03 /* Debug */,
				4686E4751CA927D90040CE03 /* Release */,
			);
			defaultConfigurationIsVisible = 0;
			defaultConfigurationName = Release;
		};
		4686E4761CA927D90040CE03 /* Build configuration list for PBXNativeTarget "Client" */ = {
			isa = XCConfigurationList;
			buildConfigurations = (
				4686E4771CA927D90040CE03 /* Debug */,
				4686E4781CA927D90040CE03 /* Release */,
			);
			defaultConfigurationIsVisible = 0;
			defaultConfigurationName = Release;
		};
		4686E4791CA927D90040CE03 /* Build configuration list for PBXNativeTarget "ClientTests" */ = {
			isa = XCConfigurationList;
			buildConfigurations = (
				4686E47A1CA927D90040CE03 /* Debug */,
				4686E47B1CA927D90040CE03 /* Release */,
			);
			defaultConfigurationIsVisible = 0;
			defaultConfigurationName = Release;
		};
/* End XCConfigurationList section */
	};
	rootObject = 4686E4511CA927D90040CE03 /* Project object */;
}
